
Microsoft Visual Studio Solution File, Format Version 12.00
# Visual Studio Version 17
VisualStudioVersion = 17.5.33530.505
MinimumVisualStudioVersion = 10.0.40219.1
Project("{9A19103F-16F7-4668-BE54-9A1E7A4F7556}") = "ForekBase.Application", "ForekBase.Application\ForekBase.Application.csproj", "{EF6147F4-5405-4C6C-9B59-45D0B027EACA}"
EndProject
Project("{9A19103F-16F7-4668-BE54-9A1E7A4F7556}") = "ForekBase.Web", "ForekBase.Web\ForekBase.Web.csproj", "{255B8332-418C-499E-8167-8C23D6A98C71}"
EndProject
Project("{9A19103F-16F7-4668-BE54-9A1E7A4F7556}") = "ForekBase.Domain", "ForekBase.Domain\ForekBase.Domain.csproj", "{765E0CCB-2073-438F-B839-7B7C79C5F413}"
EndProject
Project("{9A19103F-16F7-4668-BE54-9A1E7A4F7556}") = "ForekBase.Infrastructure", "ForekBase.Infrastructure\ForekBase.Infrastructure.csproj", "{7F0DCDDA-3D9B-4644-8327-8C55C0BBD212}"
EndProject
Global
	GlobalSection(SolutionConfigurationPlatforms) = preSolution
		Debug|Any CPU = Debug|Any CPU
		Release|Any CPU = Release|Any CPU
	EndGlobalSection
	GlobalSection(ProjectConfigurationPlatforms) = postSolution
		{EF6147F4-5405-4C6C-9B59-45D0B027EACA}.Debug|Any CPU.ActiveCfg = Debug|Any CPU
		{EF6147F4-5405-4C6C-9B59-45D0B027EACA}.Debug|Any CPU.Build.0 = Debug|Any CPU
		{EF6147F4-5405-4C6C-9B59-45D0B027EACA}.Release|Any CPU.ActiveCfg = Release|Any CPU
		{EF6147F4-5405-4C6C-9B59-45D0B027EACA}.Release|Any CPU.Build.0 = Release|Any CPU
		{255B8332-418C-499E-8167-8C23D6A98C71}.Debug|Any CPU.ActiveCfg = Debug|Any CPU
		{255B8332-418C-499E-8167-8C23D6A98C71}.Debug|Any CPU.Build.0 = Debug|Any CPU
		{255B8332-418C-499E-8167-8C23D6A98C71}.Release|Any CPU.ActiveCfg = Release|Any CPU
		{255B8332-418C-499E-8167-8C23D6A98C71}.Release|Any CPU.Build.0 = Release|Any CPU
		{765E0CCB-2073-438F-B839-7B7C79C5F413}.Debug|Any CPU.ActiveCfg = Debug|Any CPU
		{765E0CCB-2073-438F-B839-7B7C79C5F413}.Debug|Any CPU.Build.0 = Debug|Any CPU
		{765E0CCB-2073-438F-B839-7B7C79C5F413}.Release|Any CPU.ActiveCfg = Release|Any CPU
		{765E0CCB-2073-438F-B839-7B7C79C5F413}.Release|Any CPU.Build.0 = Release|Any CPU
		{7F0DCDDA-3D9B-4644-8327-8C55C0BBD212}.Debug|Any CPU.ActiveCfg = Debug|Any CPU
		{7F0DCDDA-3D9B-4644-8327-8C55C0BBD212}.Debug|Any CPU.Build.0 = Debug|Any CPU
		{7F0DCDDA-3D9B-4644-8327-8C55C0BBD212}.Release|Any CPU.ActiveCfg = Release|Any CPU
		{7F0DCDDA-3D9B-4644-8327-8C55C0BBD212}.Release|Any CPU.Build.0 = Release|Any CPU
	EndGlobalSection
	GlobalSection(SolutionProperties) = preSolution
		HideSolutionNode = FALSE
	EndGlobalSection
	GlobalSection(ExtensibilityGlobals) = postSolution
		SolutionGuid = {9A75708E-B16A-404F-A02C-020FDD342482}
	EndGlobalSection
EndGlobal
